
Microsoft Visual Studio Solution File, Format Version 12.00
# Visual Studio Version 17
VisualStudioVersion = 17.1.32414.318
MinimumVisualStudioVersion = 10.0.40219.1
Project("{FAE04EC0-301F-11D3-BF4B-00C04F79EFBC}") = "Sincronico3", "Sincronico3.csproj", "{852F8033-ABCC-48E2-80F7-54B5B14F0E8E}"
EndProject
Project("{FAE04EC0-301F-11D3-BF4B-00C04F79EFBC}") = "WebApi", "..\WebApi\WebApi.csproj", "{C9CA9BBE-D73F-4D5B-9EF2-060AEEBC8CEC}"
EndProject
Global
	GlobalSection(SolutionConfigurationPlatforms) = preSolution
		Debug|Any CPU = Debug|Any CPU
		Release|Any CPU = Release|Any CPU
	EndGlobalSection
	GlobalSection(ProjectConfigurationPlatforms) = postSolution
		{852F8033-ABCC-48E2-80F7-54B5B14F0E8E}.Debug|Any CPU.ActiveCfg = Debug|Any CPU
		{852F8033-ABCC-48E2-80F7-54B5B14F0E8E}.Debug|Any CPU.Build.0 = Debug|Any CPU
		{852F8033-ABCC-48E2-80F7-54B5B14F0E8E}.Release|Any CPU.ActiveCfg = Release|Any CPU
		{852F8033-ABCC-48E2-80F7-54B5B14F0E8E}.Release|Any CPU.Build.0 = Release|Any CPU
		{C9CA9BBE-D73F-4D5B-9EF2-060AEEBC8CEC}.Debug|Any CPU.ActiveCfg = Debug|Any CPU
		{C9CA9BBE-D73F-4D5B-9EF2-060AEEBC8CEC}.Debug|Any CPU.Build.0 = Debug|Any CPU
		{C9CA9BBE-D73F-4D5B-9EF2-060AEEBC8CEC}.Release|Any CPU.ActiveCfg = Release|Any CPU
		{C9CA9BBE-D73F-4D5B-9EF2-060AEEBC8CEC}.Release|Any CPU.Build.0 = Release|Any CPU
	EndGlobalSection
	GlobalSection(SolutionProperties) = preSolution
		HideSolutionNode = FALSE
	EndGlobalSection
	GlobalSection(ExtensibilityGlobals) = postSolution
		SolutionGuid = {90EDD78E-10B1-484F-AC99-E6DA91FDB139}
	EndGlobalSection
EndGlobal
